
Microsoft Visual Studio Solution File, Format Version 12.00
# Visual Studio Version 16
VisualStudioVersion = 16.0.33328.57
MinimumVisualStudioVersion = 10.0.40219.1
Project("{FAE04EC0-301F-11D3-BF4B-00C04F79EFBC}") = "MailClient", "MailClient.csproj", "{2E0D5460-EFC3-414F-8383-72ADD692CB67}"
EndProject
Global
	GlobalSection(SolutionConfigurationPlatforms) = preSolution
		Debug|Any CPU = Debug|Any CPU
		Release|Any CPU = Release|Any CPU
	EndGlobalSection
	GlobalSection(ProjectConfigurationPlatforms) = postSolution
		{2E0D5460-EFC3-414F-8383-72ADD692CB67}.Debug|Any CPU.ActiveCfg = Debug|Any CPU
		{2E0D5460-EFC3-414F-8383-72ADD692CB67}.Debug|Any CPU.Build.0 = Debug|Any CPU
		{2E0D5460-EFC3-414F-8383-72ADD692CB67}.Release|Any CPU.ActiveCfg = Release|Any CPU
		{2E0D5460-EFC3-414F-8383-72ADD692CB67}.Release|Any CPU.Build.0 = Release|Any CPU
	EndGlobalSection
	GlobalSection(SolutionProperties) = preSolution
		HideSolutionNode = FALSE
	EndGlobalSection
	GlobalSection(ExtensibilityGlobals) = postSolution
		SolutionGuid = {86C125C9-A36D-4367-8B47-BF6203297AD8}
	EndGlobalSection
EndGlobal
